// !$*UTF8*$!
{
	archiveVersion = 1;
	classes = {
	};
	objectVersion = 56;
	objects = {

/* Begin PBXBuildFile section */
		88000D302969555F00CA35EB /* AppDelegate.swift in Sources */ = {isa = PBXBuildFile; fileRef = 88000D2F2969555F00CA35EB /* AppDelegate.swift */; };
		88000D342969555F00CA35EB /* AuthViewController.swift in Sources */ = {isa = PBXBuildFile; fileRef = 88000D332969555F00CA35EB /* AuthViewController.swift */; };
		88000D392969556000CA35EB /* Assets.xcassets in Resources */ = {isa = PBXBuildFile; fileRef = 88000D382969556000CA35EB /* Assets.xcassets */; };
		88000D3C2969556000CA35EB /* LaunchScreen.storyboard in Resources */ = {isa = PBXBuildFile; fileRef = 88000D3A2969556000CA35EB /* LaunchScreen.storyboard */; };
		882C5E0329BF00DF0048E7FF /* GameViewController.swift in Sources */ = {isa = PBXBuildFile; fileRef = 882C5E0229BF00DF0048E7FF /* GameViewController.swift */; };
		882C5E0529BF047A0048E7FF /* GameViewModel.swift in Sources */ = {isa = PBXBuildFile; fileRef = 882C5E0429BF047A0048E7FF /* GameViewModel.swift */; };
		882ECA0929C1BBA40077867C /* QuestionTextCell.swift in Sources */ = {isa = PBXBuildFile; fileRef = 882ECA0829C1BBA40077867C /* QuestionTextCell.swift */; };
		882ECA0B29C1BBB20077867C /* AnswerCell.swift in Sources */ = {isa = PBXBuildFile; fileRef = 882ECA0A29C1BBB20077867C /* AnswerCell.swift */; };
		882ECA0D29C1BBC20077867C /* CheckButtonCell.swift in Sources */ = {isa = PBXBuildFile; fileRef = 882ECA0C29C1BBC20077867C /* CheckButtonCell.swift */; };
		882ECA0F29C1BBD50077867C /* QuestionImageCell.swift in Sources */ = {isa = PBXBuildFile; fileRef = 882ECA0E29C1BBD50077867C /* QuestionImageCell.swift */; };
		882ECA1129C1BBEC0077867C /* QuestionNumberHeader.swift in Sources */ = {isa = PBXBuildFile; fileRef = 882ECA1029C1BBEC0077867C /* QuestionNumberHeader.swift */; };
		882ECA1429C1BDE70077867C /* SDWebImage in Frameworks */ = {isa = PBXBuildFile; productRef = 882ECA1329C1BDE70077867C /* SDWebImage */; };
		8830385E2974030B00FFC6A5 /* SnapKit in Frameworks */ = {isa = PBXBuildFile; productRef = 8830385D2974030B00FFC6A5 /* SnapKit */; };
		8837E19D297FC0B800A5A314 /* Session.swift in Sources */ = {isa = PBXBuildFile; fileRef = 8837E19C297FC0B800A5A314 /* Session.swift */; };
		8837E1A0297FC14600A5A314 /* SwiftKeychainWrapper in Frameworks */ = {isa = PBXBuildFile; productRef = 8837E19F297FC14600A5A314 /* SwiftKeychainWrapper */; };
		8844D1A6297FEA06004CD130 /* MainViewConstants.swift in Sources */ = {isa = PBXBuildFile; fileRef = 8844D1A5297FEA06004CD130 /* MainViewConstants.swift */; };
		8844D1A8297FEC3D004CD130 /* MainViewModel.swift in Sources */ = {isa = PBXBuildFile; fileRef = 8844D1A7297FEC3D004CD130 /* MainViewModel.swift */; };
		8844D1AB297FF044004CD130 /* CategorySectionType.swift in Sources */ = {isa = PBXBuildFile; fileRef = 8844D1AA297FF044004CD130 /* CategorySectionType.swift */; };
		8844D1AE297FF243004CD130 /* GameModeCell.swift in Sources */ = {isa = PBXBuildFile; fileRef = 8844D1AD297FF243004CD130 /* GameModeCell.swift */; };
		8844D1B0297FF25B004CD130 /* GameModeCollectionCell.swift in Sources */ = {isa = PBXBuildFile; fileRef = 8844D1AF297FF25B004CD130 /* GameModeCollectionCell.swift */; };
		8844D1B2297FF26C004CD130 /* CategoryCell.swift in Sources */ = {isa = PBXBuildFile; fileRef = 8844D1B1297FF26C004CD130 /* CategoryCell.swift */; };
		8844D1B4297FF27B004CD130 /* CategoryCollectionCell.swift in Sources */ = {isa = PBXBuildFile; fileRef = 8844D1B3297FF27B004CD130 /* CategoryCollectionCell.swift */; };
		8844D1B6297FF293004CD130 /* StartGameButtonCell.swift in Sources */ = {isa = PBXBuildFile; fileRef = 8844D1B5297FF293004CD130 /* StartGameButtonCell.swift */; };
		8844D1B9297FF554004CD130 /* Category.swift in Sources */ = {isa = PBXBuildFile; fileRef = 8844D1B8297FF554004CD130 /* Category.swift */; };
		8844D1BC297FF5E6004CD130 /* GameMode.swift in Sources */ = {isa = PBXBuildFile; fileRef = 8844D1BB297FF5E6004CD130 /* GameMode.swift */; };
		8854FB822981588A00F52D08 /* UIScreen+sizes.swift in Sources */ = {isa = PBXBuildFile; fileRef = 8854FB812981588A00F52D08 /* UIScreen+sizes.swift */; };
		885A4E8429C058660016DEE8 /* hourglass.json in Resources */ = {isa = PBXBuildFile; fileRef = 885A4E8329C058660016DEE8 /* hourglass.json */; };
		885A4E8729C059580016DEE8 /* Lottie in Frameworks */ = {isa = PBXBuildFile; productRef = 885A4E8629C059580016DEE8 /* Lottie */; };
		885A4E8929C05CE10016DEE8 /* ZeroView.swift in Sources */ = {isa = PBXBuildFile; fileRef = 885A4E8829C05CE10016DEE8 /* ZeroView.swift */; };
		885A4E8B29C05E1C0016DEE8 /* UIView+hide.swift in Sources */ = {isa = PBXBuildFile; fileRef = 885A4E8A29C05E1C0016DEE8 /* UIView+hide.swift */; };
		886A0C22297D5C23000EEDE9 /* DatabaseManager.swift in Sources */ = {isa = PBXBuildFile; fileRef = 886A0C21297D5C23000EEDE9 /* DatabaseManager.swift */; };
		886A0C25297D5F30000EEDE9 /* User.swift in Sources */ = {isa = PBXBuildFile; fileRef = 886A0C24297D5F30000EEDE9 /* User.swift */; };
		886A0C27297D62D1000EEDE9 /* DataSnapshot+data.swift in Sources */ = {isa = PBXBuildFile; fileRef = 886A0C26297D62D1000EEDE9 /* DataSnapshot+data.swift */; };
		886F2B172986D7F800D52C87 /* QuestionsProvider.swift in Sources */ = {isa = PBXBuildFile; fileRef = 886F2B162986D7F800D52C87 /* QuestionsProvider.swift */; };
		886F2B1A2986D86200D52C87 /* QuestionsData.swift in Sources */ = {isa = PBXBuildFile; fileRef = 886F2B192986D86200D52C87 /* QuestionsData.swift */; };
		886F2B1F2986DBC300D52C87 /* AnswerButtonState.swift in Sources */ = {isa = PBXBuildFile; fileRef = 886F2B1E2986DBC300D52C87 /* AnswerButtonState.swift */; };
		88740C7029BB3AD1003B45C8 /* MainTitles.swift in Sources */ = {isa = PBXBuildFile; fileRef = 88740C6F29BB3AD1003B45C8 /* MainTitles.swift */; };
		887547822977F34700B1CEA6 /* GoogleService-Info.plist in Resources */ = {isa = PBXBuildFile; fileRef = 887547812977F34700B1CEA6 /* GoogleService-Info.plist */; };
		887547852977F4C000B1CEA6 /* FirebaseAnalytics in Frameworks */ = {isa = PBXBuildFile; productRef = 887547842977F4C000B1CEA6 /* FirebaseAnalytics */; };
		887547872977F4C000B1CEA6 /* FirebaseAnalyticsSwift in Frameworks */ = {isa = PBXBuildFile; productRef = 887547862977F4C000B1CEA6 /* FirebaseAnalyticsSwift */; };
		887547892977F4C000B1CEA6 /* FirebaseAuth in Frameworks */ = {isa = PBXBuildFile; productRef = 887547882977F4C000B1CEA6 /* FirebaseAuth */; };
		8875478B2977F4C000B1CEA6 /* FirebaseDatabase in Frameworks */ = {isa = PBXBuildFile; productRef = 8875478A2977F4C000B1CEA6 /* FirebaseDatabase */; };
		8875478D2977F4C000B1CEA6 /* FirebaseDatabaseSwift in Frameworks */ = {isa = PBXBuildFile; productRef = 8875478C2977F4C000B1CEA6 /* FirebaseDatabaseSwift */; };
		8875478F2977F4C000B1CEA6 /* FirebaseFirestore in Frameworks */ = {isa = PBXBuildFile; productRef = 8875478E2977F4C000B1CEA6 /* FirebaseFirestore */; };
		887547912977F4C000B1CEA6 /* FirebaseFirestoreSwift in Frameworks */ = {isa = PBXBuildFile; productRef = 887547902977F4C000B1CEA6 /* FirebaseFirestoreSwift */; };
		887547932977F4C000B1CEA6 /* FirebaseStorage in Frameworks */ = {isa = PBXBuildFile; productRef = 887547922977F4C000B1CEA6 /* FirebaseStorage */; };
		887547962977F8F900B1CEA6 /* AuthManager.swift in Sources */ = {isa = PBXBuildFile; fileRef = 887547952977F8F900B1CEA6 /* AuthManager.swift */; };
		888A415F297D277200579E36 /* UIWindow+key.swift in Sources */ = {isa = PBXBuildFile; fileRef = 888A415E297D277200579E36 /* UIWindow+key.swift */; };
		88B7CE9029C1B9950058E2FB /* QuestionSectionType.swift in Sources */ = {isa = PBXBuildFile; fileRef = 88B7CE8F29C1B9950058E2FB /* QuestionSectionType.swift */; };
		88B7CE9229C1B9CC0058E2FB /* QuestionType.swift in Sources */ = {isa = PBXBuildFile; fileRef = 88B7CE9129C1B9CC0058E2FB /* QuestionType.swift */; };
		88E0B1F029C98EA500D8C4B7 /* PersonalScoreViewController.swift in Sources */ = {isa = PBXBuildFile; fileRef = 88E0B1EF29C98EA500D8C4B7 /* PersonalScoreViewController.swift */; };
		88E0B1F229C98ED600D8C4B7 /* PersonalScoreViewModel.swift in Sources */ = {isa = PBXBuildFile; fileRef = 88E0B1F129C98ED600D8C4B7 /* PersonalScoreViewModel.swift */; };
		88FF06BB29740529005608A2 /* AuthViewModel.swift in Sources */ = {isa = PBXBuildFile; fileRef = 88FF06BA29740529005608A2 /* AuthViewModel.swift */; };
		88FF06BF2974057C005608A2 /* Bindable.swift in Sources */ = {isa = PBXBuildFile; fileRef = 88FF06BE2974057C005608A2 /* Bindable.swift */; };
		88FF06C3297405E7005608A2 /* AuthType.swift in Sources */ = {isa = PBXBuildFile; fileRef = 88FF06C2297405E7005608A2 /* AuthType.swift */; };
		88FF06C529740AC1005608A2 /* AuthViewConstants.swift in Sources */ = {isa = PBXBuildFile; fileRef = 88FF06C429740AC1005608A2 /* AuthViewConstants.swift */; };
		88FF06C829740B6E005608A2 /* AuthTitles.swift in Sources */ = {isa = PBXBuildFile; fileRef = 88FF06C729740B6E005608A2 /* AuthTitles.swift */; };
		88FF06CB29740EFD005608A2 /* ModuleBuilder.swift in Sources */ = {isa = PBXBuildFile; fileRef = 88FF06CA29740EFD005608A2 /* ModuleBuilder.swift */; };
		88FF06D129741A8C005608A2 /* MainViewController.swift in Sources */ = {isa = PBXBuildFile; fileRef = 88FF06D029741A8C005608A2 /* MainViewController.swift */; };
/* End PBXBuildFile section */

/* Begin PBXFileReference section */
		88000D2C2969555F00CA35EB /* quiz-app-mvvm.app */ = {isa = PBXFileReference; explicitFileType = wrapper.application; includeInIndex = 0; path = "quiz-app-mvvm.app"; sourceTree = BUILT_PRODUCTS_DIR; };
		88000D2F2969555F00CA35EB /* AppDelegate.swift */ = {isa = PBXFileReference; lastKnownFileType = sourcecode.swift; path = AppDelegate.swift; sourceTree = "<group>"; };
		88000D332969555F00CA35EB /* AuthViewController.swift */ = {isa = PBXFileReference; lastKnownFileType = sourcecode.swift; path = AuthViewController.swift; sourceTree = "<group>"; };
		88000D382969556000CA35EB /* Assets.xcassets */ = {isa = PBXFileReference; lastKnownFileType = folder.assetcatalog; path = Assets.xcassets; sourceTree = "<group>"; };
		88000D3B2969556000CA35EB /* Base */ = {isa = PBXFileReference; lastKnownFileType = file.storyboard; name = Base; path = Base.lproj/LaunchScreen.storyboard; sourceTree = "<group>"; };
		88000D3D2969556000CA35EB /* Info.plist */ = {isa = PBXFileReference; lastKnownFileType = text.plist.xml; path = Info.plist; sourceTree = "<group>"; };
		882C5E0229BF00DF0048E7FF /* GameViewController.swift */ = {isa = PBXFileReference; lastKnownFileType = sourcecode.swift; path = GameViewController.swift; sourceTree = "<group>"; };
		882C5E0429BF047A0048E7FF /* GameViewModel.swift */ = {isa = PBXFileReference; lastKnownFileType = sourcecode.swift; path = GameViewModel.swift; sourceTree = "<group>"; };
		882ECA0829C1BBA40077867C /* QuestionTextCell.swift */ = {isa = PBXFileReference; lastKnownFileType = sourcecode.swift; path = QuestionTextCell.swift; sourceTree = "<group>"; };
		882ECA0A29C1BBB20077867C /* AnswerCell.swift */ = {isa = PBXFileReference; lastKnownFileType = sourcecode.swift; path = AnswerCell.swift; sourceTree = "<group>"; };
		882ECA0C29C1BBC20077867C /* CheckButtonCell.swift */ = {isa = PBXFileReference; lastKnownFileType = sourcecode.swift; path = CheckButtonCell.swift; sourceTree = "<group>"; };
		882ECA0E29C1BBD50077867C /* QuestionImageCell.swift */ = {isa = PBXFileReference; lastKnownFileType = sourcecode.swift; path = QuestionImageCell.swift; sourceTree = "<group>"; };
		882ECA1029C1BBEC0077867C /* QuestionNumberHeader.swift */ = {isa = PBXFileReference; lastKnownFileType = sourcecode.swift; path = QuestionNumberHeader.swift; sourceTree = "<group>"; };
		8837E19C297FC0B800A5A314 /* Session.swift */ = {isa = PBXFileReference; lastKnownFileType = sourcecode.swift; path = Session.swift; sourceTree = "<group>"; };
		8844D1A5297FEA06004CD130 /* MainViewConstants.swift */ = {isa = PBXFileReference; lastKnownFileType = sourcecode.swift; path = MainViewConstants.swift; sourceTree = "<group>"; };
		8844D1A7297FEC3D004CD130 /* MainViewModel.swift */ = {isa = PBXFileReference; lastKnownFileType = sourcecode.swift; path = MainViewModel.swift; sourceTree = "<group>"; };
		8844D1AA297FF044004CD130 /* CategorySectionType.swift */ = {isa = PBXFileReference; lastKnownFileType = sourcecode.swift; path = CategorySectionType.swift; sourceTree = "<group>"; };
		8844D1AD297FF243004CD130 /* GameModeCell.swift */ = {isa = PBXFileReference; lastKnownFileType = sourcecode.swift; path = GameModeCell.swift; sourceTree = "<group>"; };
		8844D1AF297FF25B004CD130 /* GameModeCollectionCell.swift */ = {isa = PBXFileReference; lastKnownFileType = sourcecode.swift; path = GameModeCollectionCell.swift; sourceTree = "<group>"; };
		8844D1B1297FF26C004CD130 /* CategoryCell.swift */ = {isa = PBXFileReference; lastKnownFileType = sourcecode.swift; path = CategoryCell.swift; sourceTree = "<group>"; };
		8844D1B3297FF27B004CD130 /* CategoryCollectionCell.swift */ = {isa = PBXFileReference; lastKnownFileType = sourcecode.swift; path = CategoryCollectionCell.swift; sourceTree = "<group>"; };
		8844D1B5297FF293004CD130 /* StartGameButtonCell.swift */ = {isa = PBXFileReference; lastKnownFileType = sourcecode.swift; path = StartGameButtonCell.swift; sourceTree = "<group>"; };
		8844D1B8297FF554004CD130 /* Category.swift */ = {isa = PBXFileReference; lastKnownFileType = sourcecode.swift; path = Category.swift; sourceTree = "<group>"; };
		8844D1BB297FF5E6004CD130 /* GameMode.swift */ = {isa = PBXFileReference; lastKnownFileType = sourcecode.swift; path = GameMode.swift; sourceTree = "<group>"; };
		8854FB812981588A00F52D08 /* UIScreen+sizes.swift */ = {isa = PBXFileReference; lastKnownFileType = sourcecode.swift; path = "UIScreen+sizes.swift"; sourceTree = "<group>"; };
		885A4E8329C058660016DEE8 /* hourglass.json */ = {isa = PBXFileReference; fileEncoding = 4; lastKnownFileType = text.json; path = hourglass.json; sourceTree = "<group>"; };
		885A4E8829C05CE10016DEE8 /* ZeroView.swift */ = {isa = PBXFileReference; lastKnownFileType = sourcecode.swift; path = ZeroView.swift; sourceTree = "<group>"; };
		885A4E8A29C05E1C0016DEE8 /* UIView+hide.swift */ = {isa = PBXFileReference; lastKnownFileType = sourcecode.swift; path = "UIView+hide.swift"; sourceTree = "<group>"; };
		886A0C21297D5C23000EEDE9 /* DatabaseManager.swift */ = {isa = PBXFileReference; lastKnownFileType = sourcecode.swift; path = DatabaseManager.swift; sourceTree = "<group>"; };
		886A0C24297D5F30000EEDE9 /* User.swift */ = {isa = PBXFileReference; lastKnownFileType = sourcecode.swift; path = User.swift; sourceTree = "<group>"; };
		886A0C26297D62D1000EEDE9 /* DataSnapshot+data.swift */ = {isa = PBXFileReference; lastKnownFileType = sourcecode.swift; path = "DataSnapshot+data.swift"; sourceTree = "<group>"; };
		886F2B162986D7F800D52C87 /* QuestionsProvider.swift */ = {isa = PBXFileReference; lastKnownFileType = sourcecode.swift; path = QuestionsProvider.swift; sourceTree = "<group>"; };
		886F2B192986D86200D52C87 /* QuestionsData.swift */ = {isa = PBXFileReference; lastKnownFileType = sourcecode.swift; path = QuestionsData.swift; sourceTree = "<group>"; };
		886F2B1E2986DBC300D52C87 /* AnswerButtonState.swift */ = {isa = PBXFileReference; lastKnownFileType = sourcecode.swift; path = AnswerButtonState.swift; sourceTree = "<group>"; };
		88740C6F29BB3AD1003B45C8 /* MainTitles.swift */ = {isa = PBXFileReference; lastKnownFileType = sourcecode.swift; path = MainTitles.swift; sourceTree = "<group>"; };
		887547812977F34700B1CEA6 /* GoogleService-Info.plist */ = {isa = PBXFileReference; fileEncoding = 4; lastKnownFileType = text.plist.xml; path = "GoogleService-Info.plist"; sourceTree = "<group>"; };
		887547952977F8F900B1CEA6 /* AuthManager.swift */ = {isa = PBXFileReference; lastKnownFileType = sourcecode.swift; path = AuthManager.swift; sourceTree = "<group>"; };
		888A415E297D277200579E36 /* UIWindow+key.swift */ = {isa = PBXFileReference; lastKnownFileType = sourcecode.swift; path = "UIWindow+key.swift"; sourceTree = "<group>"; };
		88B7CE8F29C1B9950058E2FB /* QuestionSectionType.swift */ = {isa = PBXFileReference; lastKnownFileType = sourcecode.swift; path = QuestionSectionType.swift; sourceTree = "<group>"; };
		88B7CE9129C1B9CC0058E2FB /* QuestionType.swift */ = {isa = PBXFileReference; lastKnownFileType = sourcecode.swift; path = QuestionType.swift; sourceTree = "<group>"; };
		88E0B1EF29C98EA500D8C4B7 /* PersonalScoreViewController.swift */ = {isa = PBXFileReference; lastKnownFileType = sourcecode.swift; path = PersonalScoreViewController.swift; sourceTree = "<group>"; };
		88E0B1F129C98ED600D8C4B7 /* PersonalScoreViewModel.swift */ = {isa = PBXFileReference; lastKnownFileType = sourcecode.swift; path = PersonalScoreViewModel.swift; sourceTree = "<group>"; };
		88FF06BA29740529005608A2 /* AuthViewModel.swift */ = {isa = PBXFileReference; lastKnownFileType = sourcecode.swift; path = AuthViewModel.swift; sourceTree = "<group>"; };
		88FF06BE2974057C005608A2 /* Bindable.swift */ = {isa = PBXFileReference; lastKnownFileType = sourcecode.swift; path = Bindable.swift; sourceTree = "<group>"; };
		88FF06C2297405E7005608A2 /* AuthType.swift */ = {isa = PBXFileReference; lastKnownFileType = sourcecode.swift; path = AuthType.swift; sourceTree = "<group>"; };
		88FF06C429740AC1005608A2 /* AuthViewConstants.swift */ = {isa = PBXFileReference; lastKnownFileType = sourcecode.swift; path = AuthViewConstants.swift; sourceTree = "<group>"; };
		88FF06C729740B6E005608A2 /* AuthTitles.swift */ = {isa = PBXFileReference; lastKnownFileType = sourcecode.swift; path = AuthTitles.swift; sourceTree = "<group>"; };
		88FF06CA29740EFD005608A2 /* ModuleBuilder.swift */ = {isa = PBXFileReference; lastKnownFileType = sourcecode.swift; path = ModuleBuilder.swift; sourceTree = "<group>"; };
		88FF06D029741A8C005608A2 /* MainViewController.swift */ = {isa = PBXFileReference; lastKnownFileType = sourcecode.swift; path = MainViewController.swift; sourceTree = "<group>"; };
/* End PBXFileReference section */

/* Begin PBXFrameworksBuildPhase section */
		88000D292969555F00CA35EB /* Frameworks */ = {
			isa = PBXFrameworksBuildPhase;
			buildActionMask = 2147483647;
			files = (
				8875478D2977F4C000B1CEA6 /* FirebaseDatabaseSwift in Frameworks */,
				8875478B2977F4C000B1CEA6 /* FirebaseDatabase in Frameworks */,
				8837E1A0297FC14600A5A314 /* SwiftKeychainWrapper in Frameworks */,
				887547932977F4C000B1CEA6 /* FirebaseStorage in Frameworks */,
				887547872977F4C000B1CEA6 /* FirebaseAnalyticsSwift in Frameworks */,
				887547852977F4C000B1CEA6 /* FirebaseAnalytics in Frameworks */,
				882ECA1429C1BDE70077867C /* SDWebImage in Frameworks */,
				885A4E8729C059580016DEE8 /* Lottie in Frameworks */,
				8830385E2974030B00FFC6A5 /* SnapKit in Frameworks */,
				887547892977F4C000B1CEA6 /* FirebaseAuth in Frameworks */,
				8875478F2977F4C000B1CEA6 /* FirebaseFirestore in Frameworks */,
				887547912977F4C000B1CEA6 /* FirebaseFirestoreSwift in Frameworks */,
			);
			runOnlyForDeploymentPostprocessing = 0;
		};
/* End PBXFrameworksBuildPhase section */

/* Begin PBXGroup section */
		88000D232969555F00CA35EB = {
			isa = PBXGroup;
			children = (
				88000D2E2969555F00CA35EB /* quiz-app-mvvm */,
				88000D2D2969555F00CA35EB /* Products */,
			);
			sourceTree = "<group>";
		};
		88000D2D2969555F00CA35EB /* Products */ = {
			isa = PBXGroup;
			children = (
				88000D2C2969555F00CA35EB /* quiz-app-mvvm.app */,
			);
			name = Products;
			sourceTree = "<group>";
		};
		88000D2E2969555F00CA35EB /* quiz-app-mvvm */ = {
			isa = PBXGroup;
			children = (
				88000D43296970B000CA35EB /* App */,
				88FF06C929740ECF005608A2 /* ModuleBuilder */,
				88FF06BC29740559005608A2 /* Utilities */,
				88000D44296970CB00CA35EB /* Controllers */,
				887547942977F8D900B1CEA6 /* Services */,
				888A415D297D274300579E36 /* Extensions */,
				88000D452969717500CA35EB /* Resources */,
			);
			path = "quiz-app-mvvm";
			sourceTree = "<group>";
		};
		88000D43296970B000CA35EB /* App */ = {
			isa = PBXGroup;
			children = (
				88000D2F2969555F00CA35EB /* AppDelegate.swift */,
			);
			path = App;
			sourceTree = "<group>";
		};
		88000D44296970CB00CA35EB /* Controllers */ = {
			isa = PBXGroup;
			children = (
				88FF06B6297404A7005608A2 /* AuthViewController */,
				88FF06CC29741A3A005608A2 /* MainViewController */,
				882C5DFC29BF003A0048E7FF /* Game Modes */,
				88E0B1EB29C98E4300D8C4B7 /* PersonalScore */,
			);
			path = Controllers;
			sourceTree = "<group>";
		};
		88000D452969717500CA35EB /* Resources */ = {
			isa = PBXGroup;
			children = (
				885A4E8229C058250016DEE8 /* Animations */,
				88000D382969556000CA35EB /* Assets.xcassets */,
				88000D3A2969556000CA35EB /* LaunchScreen.storyboard */,
				88000D3D2969556000CA35EB /* Info.plist */,
				887547812977F34700B1CEA6 /* GoogleService-Info.plist */,
			);
			path = Resources;
			sourceTree = "<group>";
		};
		882C5DFC29BF003A0048E7FF /* Game Modes */ = {
			isa = PBXGroup;
			children = (
				882C5DFD29BF00620048E7FF /* Standard */,
			);
			path = "Game Modes";
			sourceTree = "<group>";
		};
		882C5DFD29BF00620048E7FF /* Standard */ = {
			isa = PBXGroup;
			children = (
				882C5DFE29BF007F0048E7FF /* View */,
				882C5DFF29BF00860048E7FF /* ViewModel */,
				882C5E0129BF009F0048E7FF /* Cells */,
				882C5E0029BF00970048E7FF /* Constants */,
				882ECA0729C1BB770077867C /* Headers */,
			);
			path = Standard;
			sourceTree = "<group>";
		};
		882C5DFE29BF007F0048E7FF /* View */ = {
			isa = PBXGroup;
			children = (
				882C5E0229BF00DF0048E7FF /* GameViewController.swift */,
			);
			path = View;
			sourceTree = "<group>";
		};
		882C5DFF29BF00860048E7FF /* ViewModel */ = {
			isa = PBXGroup;
			children = (
				882C5E0429BF047A0048E7FF /* GameViewModel.swift */,
			);
			path = ViewModel;
			sourceTree = "<group>";
		};
		882C5E0029BF00970048E7FF /* Constants */ = {
			isa = PBXGroup;
			children = (
			);
			path = Constants;
			sourceTree = "<group>";
		};
		882C5E0129BF009F0048E7FF /* Cells */ = {
			isa = PBXGroup;
			children = (
				882ECA0829C1BBA40077867C /* QuestionTextCell.swift */,
				882ECA0A29C1BBB20077867C /* AnswerCell.swift */,
				882ECA0C29C1BBC20077867C /* CheckButtonCell.swift */,
				882ECA0E29C1BBD50077867C /* QuestionImageCell.swift */,
			);
			path = Cells;
			sourceTree = "<group>";
		};
		882ECA0729C1BB770077867C /* Headers */ = {
			isa = PBXGroup;
			children = (
				882ECA1029C1BBEC0077867C /* QuestionNumberHeader.swift */,
			);
			path = Headers;
			sourceTree = "<group>";
		};
		8844D1A9297FF01F004CD130 /* CategorySectionType */ = {
			isa = PBXGroup;
			children = (
				8844D1AA297FF044004CD130 /* CategorySectionType.swift */,
				88B7CE8F29C1B9950058E2FB /* QuestionSectionType.swift */,
				88B7CE9129C1B9CC0058E2FB /* QuestionType.swift */,
			);
			path = CategorySectionType;
			sourceTree = "<group>";
		};
		8844D1AC297FF20F004CD130 /* Cells */ = {
			isa = PBXGroup;
			children = (
				8844D1AD297FF243004CD130 /* GameModeCell.swift */,
				8844D1AF297FF25B004CD130 /* GameModeCollectionCell.swift */,
				8844D1B1297FF26C004CD130 /* CategoryCell.swift */,
				8844D1B3297FF27B004CD130 /* CategoryCollectionCell.swift */,
				8844D1B5297FF293004CD130 /* StartGameButtonCell.swift */,
			);
			path = Cells;
			sourceTree = "<group>";
		};
		8844D1B7297FF50C004CD130 /* Category */ = {
			isa = PBXGroup;
			children = (
				8844D1B8297FF554004CD130 /* Category.swift */,
			);
			path = Category;
			sourceTree = "<group>";
		};
		8844D1BA297FF5AF004CD130 /* GameMode */ = {
			isa = PBXGroup;
			children = (
				8844D1BB297FF5E6004CD130 /* GameMode.swift */,
			);
			path = GameMode;
			sourceTree = "<group>";
		};
		885A4E8229C058250016DEE8 /* Animations */ = {
			isa = PBXGroup;
			children = (
				885A4E8329C058660016DEE8 /* hourglass.json */,
			);
			path = Animations;
			sourceTree = "<group>";
		};
		886A0C23297D5F23000EEDE9 /* User */ = {
			isa = PBXGroup;
			children = (
				886A0C24297D5F30000EEDE9 /* User.swift */,
			);
			path = User;
			sourceTree = "<group>";
		};
		886F2B182986D82500D52C87 /* QuestionsData */ = {
			isa = PBXGroup;
			children = (
				886F2B192986D86200D52C87 /* QuestionsData.swift */,
			);
			path = QuestionsData;
			sourceTree = "<group>";
		};
		886F2B1B2986DAA200D52C87 /* ViewModels */ = {
			isa = PBXGroup;
			children = (
				8844D1A9297FF01F004CD130 /* CategorySectionType */,
			);
			path = ViewModels;
			sourceTree = "<group>";
		};
		886F2B1C2986DABE00D52C87 /* FirebaseModels */ = {
			isa = PBXGroup;
			children = (
				8844D1BA297FF5AF004CD130 /* GameMode */,
				886A0C23297D5F23000EEDE9 /* User */,
				8844D1B7297FF50C004CD130 /* Category */,
				886F2B182986D82500D52C87 /* QuestionsData */,
			);
			path = FirebaseModels;
			sourceTree = "<group>";
		};
		886F2B1D2986DB8900D52C87 /* AnswerButtonState */ = {
			isa = PBXGroup;
			children = (
				886F2B1E2986DBC300D52C87 /* AnswerButtonState.swift */,
			);
			path = AnswerButtonState;
			sourceTree = "<group>";
		};
		887547942977F8D900B1CEA6 /* Services */ = {
			isa = PBXGroup;
			children = (
				887547952977F8F900B1CEA6 /* AuthManager.swift */,
				886A0C21297D5C23000EEDE9 /* DatabaseManager.swift */,
				8837E19C297FC0B800A5A314 /* Session.swift */,
				886F2B162986D7F800D52C87 /* QuestionsProvider.swift */,
				885A4E8829C05CE10016DEE8 /* ZeroView.swift */,
			);
			path = Services;
			sourceTree = "<group>";
		};
		888A415D297D274300579E36 /* Extensions */ = {
			isa = PBXGroup;
			children = (
				888A415E297D277200579E36 /* UIWindow+key.swift */,
				886A0C26297D62D1000EEDE9 /* DataSnapshot+data.swift */,
				8854FB812981588A00F52D08 /* UIScreen+sizes.swift */,
				885A4E8A29C05E1C0016DEE8 /* UIView+hide.swift */,
			);
			path = Extensions;
			sourceTree = "<group>";
		};
		88E0B1EB29C98E4300D8C4B7 /* PersonalScore */ = {
			isa = PBXGroup;
			children = (
				88E0B1EC29C98E7100D8C4B7 /* View */,
				88E0B1ED29C98E7800D8C4B7 /* ViewModel */,
				88E0B1EE29C98E8200D8C4B7 /* Cells */,
			);
			path = PersonalScore;
			sourceTree = "<group>";
		};
		88E0B1EC29C98E7100D8C4B7 /* View */ = {
			isa = PBXGroup;
			children = (
				88E0B1EF29C98EA500D8C4B7 /* PersonalScoreViewController.swift */,
			);
			path = View;
			sourceTree = "<group>";
		};
		88E0B1ED29C98E7800D8C4B7 /* ViewModel */ = {
			isa = PBXGroup;
			children = (
				88E0B1F129C98ED600D8C4B7 /* PersonalScoreViewModel.swift */,
			);
			path = ViewModel;
			sourceTree = "<group>";
		};
		88E0B1EE29C98E8200D8C4B7 /* Cells */ = {
			isa = PBXGroup;
			children = (
			);
			path = Cells;
			sourceTree = "<group>";
		};
		88FF06B6297404A7005608A2 /* AuthViewController */ = {
			isa = PBXGroup;
			children = (
				88FF06B7297404BE005608A2 /* View */,
				88FF06B8297404CA005608A2 /* ViewModel */,
				88FF06B9297404EC005608A2 /* Constants */,
			);
			path = AuthViewController;
			sourceTree = "<group>";
		};
		88FF06B7297404BE005608A2 /* View */ = {
			isa = PBXGroup;
			children = (
				88000D332969555F00CA35EB /* AuthViewController.swift */,
			);
			path = View;
			sourceTree = "<group>";
		};
		88FF06B8297404CA005608A2 /* ViewModel */ = {
			isa = PBXGroup;
			children = (
				88FF06BA29740529005608A2 /* AuthViewModel.swift */,
			);
			path = ViewModel;
			sourceTree = "<group>";
		};
		88FF06B9297404EC005608A2 /* Constants */ = {
			isa = PBXGroup;
			children = (
				88FF06C429740AC1005608A2 /* AuthViewConstants.swift */,
			);
			path = Constants;
			sourceTree = "<group>";
		};
		88FF06BC29740559005608A2 /* Utilities */ = {
			isa = PBXGroup;
			children = (
				886F2B1C2986DABE00D52C87 /* FirebaseModels */,
				886F2B1B2986DAA200D52C87 /* ViewModels */,
				88FF06C629740B2A005608A2 /* ModuleTitles */,
				88FF06C0297405CD005608A2 /* DataModels */,
				88FF06BD29740567005608A2 /* Bindable */,
			);
			path = Utilities;
			sourceTree = "<group>";
		};
		88FF06BD29740567005608A2 /* Bindable */ = {
			isa = PBXGroup;
			children = (
				88FF06BE2974057C005608A2 /* Bindable.swift */,
			);
			path = Bindable;
			sourceTree = "<group>";
		};
		88FF06C0297405CD005608A2 /* DataModels */ = {
			isa = PBXGroup;
			children = (
				886F2B1D2986DB8900D52C87 /* AnswerButtonState */,
				88FF06C1297405DB005608A2 /* AuthType */,
			);
			path = DataModels;
			sourceTree = "<group>";
		};
		88FF06C1297405DB005608A2 /* AuthType */ = {
			isa = PBXGroup;
			children = (
				88FF06C2297405E7005608A2 /* AuthType.swift */,
			);
			path = AuthType;
			sourceTree = "<group>";
		};
		88FF06C629740B2A005608A2 /* ModuleTitles */ = {
			isa = PBXGroup;
			children = (
				88FF06C729740B6E005608A2 /* AuthTitles.swift */,
				88740C6F29BB3AD1003B45C8 /* MainTitles.swift */,
			);
			path = ModuleTitles;
			sourceTree = "<group>";
		};
		88FF06C929740ECF005608A2 /* ModuleBuilder */ = {
			isa = PBXGroup;
			children = (
				88FF06CA29740EFD005608A2 /* ModuleBuilder.swift */,
			);
			path = ModuleBuilder;
			sourceTree = "<group>";
		};
		88FF06CC29741A3A005608A2 /* MainViewController */ = {
			isa = PBXGroup;
			children = (
				88FF06CD29741A4C005608A2 /* View */,
				88FF06CE29741A55005608A2 /* ViewModel */,
				88FF06CF29741A62005608A2 /* Constants */,
				8844D1AC297FF20F004CD130 /* Cells */,
			);
			path = MainViewController;
			sourceTree = "<group>";
		};
		88FF06CD29741A4C005608A2 /* View */ = {
			isa = PBXGroup;
			children = (
				88FF06D029741A8C005608A2 /* MainViewController.swift */,
			);
			path = View;
			sourceTree = "<group>";
		};
		88FF06CE29741A55005608A2 /* ViewModel */ = {
			isa = PBXGroup;
			children = (
				8844D1A7297FEC3D004CD130 /* MainViewModel.swift */,
			);
			path = ViewModel;
			sourceTree = "<group>";
		};
		88FF06CF29741A62005608A2 /* Constants */ = {
			isa = PBXGroup;
			children = (
				8844D1A5297FEA06004CD130 /* MainViewConstants.swift */,
			);
			path = Constants;
			sourceTree = "<group>";
		};
/* End PBXGroup section */

/* Begin PBXNativeTarget section */
		88000D2B2969555F00CA35EB /* quiz-app-mvvm */ = {
			isa = PBXNativeTarget;
			buildConfigurationList = 88000D402969556000CA35EB /* Build configuration list for PBXNativeTarget "quiz-app-mvvm" */;
			buildPhases = (
				88000D282969555F00CA35EB /* Sources */,
				88000D292969555F00CA35EB /* Frameworks */,
				88000D2A2969555F00CA35EB /* Resources */,
			);
			buildRules = (
			);
			dependencies = (
			);
			name = "quiz-app-mvvm";
			packageProductDependencies = (
				8830385D2974030B00FFC6A5 /* SnapKit */,
				887547842977F4C000B1CEA6 /* FirebaseAnalytics */,
				887547862977F4C000B1CEA6 /* FirebaseAnalyticsSwift */,
				887547882977F4C000B1CEA6 /* FirebaseAuth */,
				8875478A2977F4C000B1CEA6 /* FirebaseDatabase */,
				8875478C2977F4C000B1CEA6 /* FirebaseDatabaseSwift */,
				8875478E2977F4C000B1CEA6 /* FirebaseFirestore */,
				887547902977F4C000B1CEA6 /* FirebaseFirestoreSwift */,
				887547922977F4C000B1CEA6 /* FirebaseStorage */,
				8837E19F297FC14600A5A314 /* SwiftKeychainWrapper */,
				885A4E8629C059580016DEE8 /* Lottie */,
				882ECA1329C1BDE70077867C /* SDWebImage */,
			);
			productName = "quiz-app-mvvm";
			productReference = 88000D2C2969555F00CA35EB /* quiz-app-mvvm.app */;
			productType = "com.apple.product-type.application";
		};
/* End PBXNativeTarget section */

/* Begin PBXProject section */
		88000D242969555F00CA35EB /* Project object */ = {
			isa = PBXProject;
			attributes = {
				BuildIndependentTargetsInParallel = 1;
				LastSwiftUpdateCheck = 1420;
				LastUpgradeCheck = 1420;
				TargetAttributes = {
					88000D2B2969555F00CA35EB = {
						CreatedOnToolsVersion = 14.2;
					};
				};
			};
			buildConfigurationList = 88000D272969555F00CA35EB /* Build configuration list for PBXProject "quiz-app-mvvm" */;
			compatibilityVersion = "Xcode 14.0";
			developmentRegion = en;
			hasScannedForEncodings = 0;
			knownRegions = (
				en,
				Base,
			);
			mainGroup = 88000D232969555F00CA35EB;
			packageReferences = (
				8830385C2974030B00FFC6A5 /* XCRemoteSwiftPackageReference "SnapKit" */,
				887547832977F4C000B1CEA6 /* XCRemoteSwiftPackageReference "firebase-ios-sdk" */,
				8837E19E297FC14600A5A314 /* XCRemoteSwiftPackageReference "SwiftKeychainWrapper" */,
				885A4E8529C059580016DEE8 /* XCRemoteSwiftPackageReference "lottie-ios" */,
				882ECA1229C1BDE70077867C /* XCRemoteSwiftPackageReference "SDWebImage" */,
			);
			productRefGroup = 88000D2D2969555F00CA35EB /* Products */;
			projectDirPath = "";
			projectRoot = "";
			targets = (
				88000D2B2969555F00CA35EB /* quiz-app-mvvm */,
			);
		};
/* End PBXProject section */

/* Begin PBXResourcesBuildPhase section */
		88000D2A2969555F00CA35EB /* Resources */ = {
			isa = PBXResourcesBuildPhase;
			buildActionMask = 2147483647;
			files = (
				88000D3C2969556000CA35EB /* LaunchScreen.storyboard in Resources */,
				88000D392969556000CA35EB /* Assets.xcassets in Resources */,
				885A4E8429C058660016DEE8 /* hourglass.json in Resources */,
				887547822977F34700B1CEA6 /* GoogleService-Info.plist in Resources */,
			);
			runOnlyForDeploymentPostprocessing = 0;
		};
/* End PBXResourcesBuildPhase section */

/* Begin PBXSourcesBuildPhase section */
		88000D282969555F00CA35EB /* Sources */ = {
			isa = PBXSourcesBuildPhase;
			buildActionMask = 2147483647;
			files = (
				886A0C25297D5F30000EEDE9 /* User.swift in Sources */,
				8844D1AB297FF044004CD130 /* CategorySectionType.swift in Sources */,
				8854FB822981588A00F52D08 /* UIScreen+sizes.swift in Sources */,
				882ECA1129C1BBEC0077867C /* QuestionNumberHeader.swift in Sources */,
				888A415F297D277200579E36 /* UIWindow+key.swift in Sources */,
				88FF06C529740AC1005608A2 /* AuthViewConstants.swift in Sources */,
				886A0C27297D62D1000EEDE9 /* DataSnapshot+data.swift in Sources */,
				885A4E8929C05CE10016DEE8 /* ZeroView.swift in Sources */,
				88B7CE9229C1B9CC0058E2FB /* QuestionType.swift in Sources */,
				8844D1B6297FF293004CD130 /* StartGameButtonCell.swift in Sources */,
				88FF06C3297405E7005608A2 /* AuthType.swift in Sources */,
				8844D1B0297FF25B004CD130 /* GameModeCollectionCell.swift in Sources */,
				8837E19D297FC0B800A5A314 /* Session.swift in Sources */,
				88000D342969555F00CA35EB /* AuthViewController.swift in Sources */,
				88740C7029BB3AD1003B45C8 /* MainTitles.swift in Sources */,
				8844D1B4297FF27B004CD130 /* CategoryCollectionCell.swift in Sources */,
				88FF06CB29740EFD005608A2 /* ModuleBuilder.swift in Sources */,
				886F2B1F2986DBC300D52C87 /* AnswerButtonState.swift in Sources */,
				8844D1A8297FEC3D004CD130 /* MainViewModel.swift in Sources */,
				88FF06C829740B6E005608A2 /* AuthTitles.swift in Sources */,
				88000D302969555F00CA35EB /* AppDelegate.swift in Sources */,
				8844D1BC297FF5E6004CD130 /* GameMode.swift in Sources */,
				882ECA0F29C1BBD50077867C /* QuestionImageCell.swift in Sources */,
				885A4E8B29C05E1C0016DEE8 /* UIView+hide.swift in Sources */,
				88FF06D129741A8C005608A2 /* MainViewController.swift in Sources */,
				88E0B1F029C98EA500D8C4B7 /* PersonalScoreViewController.swift in Sources */,
				882C5E0529BF047A0048E7FF /* GameViewModel.swift in Sources */,
				886A0C22297D5C23000EEDE9 /* DatabaseManager.swift in Sources */,
				886F2B172986D7F800D52C87 /* QuestionsProvider.swift in Sources */,
				882C5E0329BF00DF0048E7FF /* GameViewController.swift in Sources */,
				88FF06BF2974057C005608A2 /* Bindable.swift in Sources */,
				8844D1AE297FF243004CD130 /* GameModeCell.swift in Sources */,
				882ECA0B29C1BBB20077867C /* AnswerCell.swift in Sources */,
				8844D1B2297FF26C004CD130 /* CategoryCell.swift in Sources */,
				886F2B1A2986D86200D52C87 /* QuestionsData.swift in Sources */,
				882ECA0929C1BBA40077867C /* QuestionTextCell.swift in Sources */,
				88FF06BB29740529005608A2 /* AuthViewModel.swift in Sources */,
				882ECA0D29C1BBC20077867C /* CheckButtonCell.swift in Sources */,
				887547962977F8F900B1CEA6 /* AuthManager.swift in Sources */,
				8844D1A6297FEA06004CD130 /* MainViewConstants.swift in Sources */,
				88E0B1F229C98ED600D8C4B7 /* PersonalScoreViewModel.swift in Sources */,
				8844D1B9297FF554004CD130 /* Category.swift in Sources */,
				88B7CE9029C1B9950058E2FB /* QuestionSectionType.swift in Sources */,
			);
			runOnlyForDeploymentPostprocessing = 0;
		};
/* End PBXSourcesBuildPhase section */

/* Begin PBXVariantGroup section */
		88000D3A2969556000CA35EB /* LaunchScreen.storyboard */ = {
			isa = PBXVariantGroup;
			children = (
				88000D3B2969556000CA35EB /* Base */,
			);
			name = LaunchScreen.storyboard;
			sourceTree = "<group>";
		};
/* End PBXVariantGroup section */

/* Begin XCBuildConfiguration section */
		88000D3E2969556000CA35EB /* Debug */ = {
			isa = XCBuildConfiguration;
			buildSettings = {
				ALWAYS_SEARCH_USER_PATHS = NO;
				CLANG_ANALYZER_NONNULL = YES;
				CLANG_ANALYZER_NUMBER_OBJECT_CONVERSION = YES_AGGRESSIVE;
				CLANG_CXX_LANGUAGE_STANDARD = "gnu++20";
				CLANG_ENABLE_MODULES = YES;
				CLANG_ENABLE_OBJC_ARC = YES;
				CLANG_ENABLE_OBJC_WEAK = YES;
				CLANG_WARN_BLOCK_CAPTURE_AUTORELEASING = YES;
				CLANG_WARN_BOOL_CONVERSION = YES;
				CLANG_WARN_COMMA = YES;
				CLANG_WARN_CONSTANT_CONVERSION = YES;
				CLANG_WARN_DEPRECATED_OBJC_IMPLEMENTATIONS = YES;
				CLANG_WARN_DIRECT_OBJC_ISA_USAGE = YES_ERROR;
				CLANG_WARN_DOCUMENTATION_COMMENTS = YES;
				CLANG_WARN_EMPTY_BODY = YES;
				CLANG_WARN_ENUM_CONVERSION = YES;
				CLANG_WARN_INFINITE_RECURSION = YES;
				CLANG_WARN_INT_CONVERSION = YES;
				CLANG_WARN_NON_LITERAL_NULL_CONVERSION = YES;
				CLANG_WARN_OBJC_IMPLICIT_RETAIN_SELF = YES;
				CLANG_WARN_OBJC_LITERAL_CONVERSION = YES;
				CLANG_WARN_OBJC_ROOT_CLASS = YES_ERROR;
				CLANG_WARN_QUOTED_INCLUDE_IN_FRAMEWORK_HEADER = YES;
				CLANG_WARN_RANGE_LOOP_ANALYSIS = YES;
				CLANG_WARN_STRICT_PROTOTYPES = YES;
				CLANG_WARN_SUSPICIOUS_MOVE = YES;
				CLANG_WARN_UNGUARDED_AVAILABILITY = YES_AGGRESSIVE;
				CLANG_WARN_UNREACHABLE_CODE = YES;
				CLANG_WARN__DUPLICATE_METHOD_MATCH = YES;
				COPY_PHASE_STRIP = NO;
				DEBUG_INFORMATION_FORMAT = dwarf;
				ENABLE_STRICT_OBJC_MSGSEND = YES;
				ENABLE_TESTABILITY = YES;
				GCC_C_LANGUAGE_STANDARD = gnu11;
				GCC_DYNAMIC_NO_PIC = NO;
				GCC_NO_COMMON_BLOCKS = YES;
				GCC_OPTIMIZATION_LEVEL = 0;
				GCC_PREPROCESSOR_DEFINITIONS = (
					"DEBUG=1",
					"$(inherited)",
				);
				GCC_WARN_64_TO_32_BIT_CONVERSION = YES;
				GCC_WARN_ABOUT_RETURN_TYPE = YES_ERROR;
				GCC_WARN_UNDECLARED_SELECTOR = YES;
				GCC_WARN_UNINITIALIZED_AUTOS = YES_AGGRESSIVE;
				GCC_WARN_UNUSED_FUNCTION = YES;
				GCC_WARN_UNUSED_VARIABLE = YES;
				IPHONEOS_DEPLOYMENT_TARGET = 16.2;
				MTL_ENABLE_DEBUG_INFO = INCLUDE_SOURCE;
				MTL_FAST_MATH = YES;
				ONLY_ACTIVE_ARCH = YES;
				SDKROOT = iphoneos;
				SWIFT_ACTIVE_COMPILATION_CONDITIONS = DEBUG;
				SWIFT_OPTIMIZATION_LEVEL = "-Onone";
			};
			name = Debug;
		};
		88000D3F2969556000CA35EB /* Release */ = {
			isa = XCBuildConfiguration;
			buildSettings = {
				ALWAYS_SEARCH_USER_PATHS = NO;
				CLANG_ANALYZER_NONNULL = YES;
				CLANG_ANALYZER_NUMBER_OBJECT_CONVERSION = YES_AGGRESSIVE;
				CLANG_CXX_LANGUAGE_STANDARD = "gnu++20";
				CLANG_ENABLE_MODULES = YES;
				CLANG_ENABLE_OBJC_ARC = YES;
				CLANG_ENABLE_OBJC_WEAK = YES;
				CLANG_WARN_BLOCK_CAPTURE_AUTORELEASING = YES;
				CLANG_WARN_BOOL_CONVERSION = YES;
				CLANG_WARN_COMMA = YES;
				CLANG_WARN_CONSTANT_CONVERSION = YES;
				CLANG_WARN_DEPRECATED_OBJC_IMPLEMENTATIONS = YES;
				CLANG_WARN_DIRECT_OBJC_ISA_USAGE = YES_ERROR;
				CLANG_WARN_DOCUMENTATION_COMMENTS = YES;
				CLANG_WARN_EMPTY_BODY = YES;
				CLANG_WARN_ENUM_CONVERSION = YES;
				CLANG_WARN_INFINITE_RECURSION = YES;
				CLANG_WARN_INT_CONVERSION = YES;
				CLANG_WARN_NON_LITERAL_NULL_CONVERSION = YES;
				CLANG_WARN_OBJC_IMPLICIT_RETAIN_SELF = YES;
				CLANG_WARN_OBJC_LITERAL_CONVERSION = YES;
				CLANG_WARN_OBJC_ROOT_CLASS = YES_ERROR;
				CLANG_WARN_QUOTED_INCLUDE_IN_FRAMEWORK_HEADER = YES;
				CLANG_WARN_RANGE_LOOP_ANALYSIS = YES;
				CLANG_WARN_STRICT_PROTOTYPES = YES;
				CLANG_WARN_SUSPICIOUS_MOVE = YES;
				CLANG_WARN_UNGUARDED_AVAILABILITY = YES_AGGRESSIVE;
				CLANG_WARN_UNREACHABLE_CODE = YES;
				CLANG_WARN__DUPLICATE_METHOD_MATCH = YES;
				COPY_PHASE_STRIP = NO;
				DEBUG_INFORMATION_FORMAT = "dwarf-with-dsym";
				ENABLE_NS_ASSERTIONS = NO;
				ENABLE_STRICT_OBJC_MSGSEND = YES;
				GCC_C_LANGUAGE_STANDARD = gnu11;
				GCC_NO_COMMON_BLOCKS = YES;
				GCC_WARN_64_TO_32_BIT_CONVERSION = YES;
				GCC_WARN_ABOUT_RETURN_TYPE = YES_ERROR;
				GCC_WARN_UNDECLARED_SELECTOR = YES;
				GCC_WARN_UNINITIALIZED_AUTOS = YES_AGGRESSIVE;
				GCC_WARN_UNUSED_FUNCTION = YES;
				GCC_WARN_UNUSED_VARIABLE = YES;
				IPHONEOS_DEPLOYMENT_TARGET = 16.2;
				MTL_ENABLE_DEBUG_INFO = NO;
				MTL_FAST_MATH = YES;
				SDKROOT = iphoneos;
				SWIFT_COMPILATION_MODE = wholemodule;
				SWIFT_OPTIMIZATION_LEVEL = "-O";
				VALIDATE_PRODUCT = YES;
			};
			name = Release;
		};
		88000D412969556000CA35EB /* Debug */ = {
			isa = XCBuildConfiguration;
			buildSettings = {
				ASSETCATALOG_COMPILER_APPICON_NAME = AppIcon;
				ASSETCATALOG_COMPILER_GLOBAL_ACCENT_COLOR_NAME = AccentColor;
				CODE_SIGN_STYLE = Automatic;
				CURRENT_PROJECT_VERSION = 1;
				DEVELOPMENT_TEAM = VDUQ8YSRC8;
				GENERATE_INFOPLIST_FILE = YES;
				INFOPLIST_FILE = "quiz-app-mvvm/Resources/Info.plist";
				INFOPLIST_KEY_UIApplicationSupportsIndirectInputEvents = YES;
				INFOPLIST_KEY_UILaunchStoryboardName = LaunchScreen;
				INFOPLIST_KEY_UISupportedInterfaceOrientations_iPad = "UIInterfaceOrientationPortrait UIInterfaceOrientationPortraitUpsideDown UIInterfaceOrientationLandscapeLeft UIInterfaceOrientationLandscapeRight";
				INFOPLIST_KEY_UISupportedInterfaceOrientations_iPhone = "UIInterfaceOrientationPortrait UIInterfaceOrientationLandscapeLeft UIInterfaceOrientationLandscapeRight";
				LD_RUNPATH_SEARCH_PATHS = (
					"$(inherited)",
					"@executable_path/Frameworks",
				);
				MARKETING_VERSION = 1.0;
				PRODUCT_BUNDLE_IDENTIFIER = "none.quiz-app";
				PRODUCT_NAME = "$(TARGET_NAME)";
				SWIFT_EMIT_LOC_STRINGS = YES;
				SWIFT_VERSION = 5.0;
				TARGETED_DEVICE_FAMILY = "1,2";
			};
			name = Debug;
		};
		88000D422969556000CA35EB /* Release */ = {
			isa = XCBuildConfiguration;
			buildSettings = {
				ASSETCATALOG_COMPILER_APPICON_NAME = AppIcon;
				ASSETCATALOG_COMPILER_GLOBAL_ACCENT_COLOR_NAME = AccentColor;
				CODE_SIGN_STYLE = Automatic;
				CURRENT_PROJECT_VERSION = 1;
				DEVELOPMENT_TEAM = VDUQ8YSRC8;
				GENERATE_INFOPLIST_FILE = YES;
				INFOPLIST_FILE = "quiz-app-mvvm/Resources/Info.plist";
				INFOPLIST_KEY_UIApplicationSupportsIndirectInputEvents = YES;
				INFOPLIST_KEY_UILaunchStoryboardName = LaunchScreen;
				INFOPLIST_KEY_UISupportedInterfaceOrientations_iPad = "UIInterfaceOrientationPortrait UIInterfaceOrientationPortraitUpsideDown UIInterfaceOrientationLandscapeLeft UIInterfaceOrientationLandscapeRight";
				INFOPLIST_KEY_UISupportedInterfaceOrientations_iPhone = "UIInterfaceOrientationPortrait UIInterfaceOrientationLandscapeLeft UIInterfaceOrientationLandscapeRight";
				LD_RUNPATH_SEARCH_PATHS = (
					"$(inherited)",
					"@executable_path/Frameworks",
				);
				MARKETING_VERSION = 1.0;
				PRODUCT_BUNDLE_IDENTIFIER = "none.quiz-app";
				PRODUCT_NAME = "$(TARGET_NAME)";
				SWIFT_EMIT_LOC_STRINGS = YES;
				SWIFT_VERSION = 5.0;
				TARGETED_DEVICE_FAMILY = "1,2";
			};
			name = Release;
		};
/* End XCBuildConfiguration section */

/* Begin XCConfigurationList section */
		88000D272969555F00CA35EB /* Build configuration list for PBXProject "quiz-app-mvvm" */ = {
			isa = XCConfigurationList;
			buildConfigurations = (
				88000D3E2969556000CA35EB /* Debug */,
				88000D3F2969556000CA35EB /* Release */,
			);
			defaultConfigurationIsVisible = 0;
			defaultConfigurationName = Release;
		};
		88000D402969556000CA35EB /* Build configuration list for PBXNativeTarget "quiz-app-mvvm" */ = {
			isa = XCConfigurationList;
			buildConfigurations = (
				88000D412969556000CA35EB /* Debug */,
				88000D422969556000CA35EB /* Release */,
			);
			defaultConfigurationIsVisible = 0;
			defaultConfigurationName = Release;
		};
/* End XCConfigurationList section */

/* Begin XCRemoteSwiftPackageReference section */
		882ECA1229C1BDE70077867C /* XCRemoteSwiftPackageReference "SDWebImage" */ = {
			isa = XCRemoteSwiftPackageReference;
			repositoryURL = "https://github.com/SDWebImage/SDWebImage.git";
			requirement = {
				kind = upToNextMajorVersion;
				minimumVersion = 5.0.0;
			};
		};
		8830385C2974030B00FFC6A5 /* XCRemoteSwiftPackageReference "SnapKit" */ = {
			isa = XCRemoteSwiftPackageReference;
			repositoryURL = "https://github.com/SnapKit/SnapKit.git";
			requirement = {
				kind = upToNextMajorVersion;
				minimumVersion = 5.0.0;
			};
		};
		8837E19E297FC14600A5A314 /* XCRemoteSwiftPackageReference "SwiftKeychainWrapper" */ = {
			isa = XCRemoteSwiftPackageReference;
			repositoryURL = "https://github.com/jrendel/SwiftKeychainWrapper.git";
			requirement = {
				kind = upToNextMajorVersion;
				minimumVersion = 4.0.0;
			};
		};
		885A4E8529C059580016DEE8 /* XCRemoteSwiftPackageReference "lottie-ios" */ = {
			isa = XCRemoteSwiftPackageReference;
			repositoryURL = "https://github.com/airbnb/lottie-ios.git";
			requirement = {
				kind = upToNextMajorVersion;
				minimumVersion = 4.0.0;
			};
		};
		887547832977F4C000B1CEA6 /* XCRemoteSwiftPackageReference "firebase-ios-sdk" */ = {
			isa = XCRemoteSwiftPackageReference;
			repositoryURL = "https://github.com/firebase/firebase-ios-sdk";
			requirement = {
				kind = upToNextMajorVersion;
				minimumVersion = 9.0.0;
			};
		};
/* End XCRemoteSwiftPackageReference section */

/* Begin XCSwiftPackageProductDependency section */
		882ECA1329C1BDE70077867C /* SDWebImage */ = {
			isa = XCSwiftPackageProductDependency;
			package = 882ECA1229C1BDE70077867C /* XCRemoteSwiftPackageReference "SDWebImage" */;
			productName = SDWebImage;
		};
		8830385D2974030B00FFC6A5 /* SnapKit */ = {
			isa = XCSwiftPackageProductDependency;
			package = 8830385C2974030B00FFC6A5 /* XCRemoteSwiftPackageReference "SnapKit" */;
			productName = SnapKit;
		};
		8837E19F297FC14600A5A314 /* SwiftKeychainWrapper */ = {
			isa = XCSwiftPackageProductDependency;
			package = 8837E19E297FC14600A5A314 /* XCRemoteSwiftPackageReference "SwiftKeychainWrapper" */;
			productName = SwiftKeychainWrapper;
		};
		885A4E8629C059580016DEE8 /* Lottie */ = {
			isa = XCSwiftPackageProductDependency;
			package = 885A4E8529C059580016DEE8 /* XCRemoteSwiftPackageReference "lottie-ios" */;
			productName = Lottie;
		};
		887547842977F4C000B1CEA6 /* FirebaseAnalytics */ = {
			isa = XCSwiftPackageProductDependency;
			package = 887547832977F4C000B1CEA6 /* XCRemoteSwiftPackageReference "firebase-ios-sdk" */;
			productName = FirebaseAnalytics;
		};
		887547862977F4C000B1CEA6 /* FirebaseAnalyticsSwift */ = {
			isa = XCSwiftPackageProductDependency;
			package = 887547832977F4C000B1CEA6 /* XCRemoteSwiftPackageReference "firebase-ios-sdk" */;
			productName = FirebaseAnalyticsSwift;
		};
		887547882977F4C000B1CEA6 /* FirebaseAuth */ = {
			isa = XCSwiftPackageProductDependency;
			package = 887547832977F4C000B1CEA6 /* XCRemoteSwiftPackageReference "firebase-ios-sdk" */;
			productName = FirebaseAuth;
		};
		8875478A2977F4C000B1CEA6 /* FirebaseDatabase */ = {
			isa = XCSwiftPackageProductDependency;
			package = 887547832977F4C000B1CEA6 /* XCRemoteSwiftPackageReference "firebase-ios-sdk" */;
			productName = FirebaseDatabase;
		};
		8875478C2977F4C000B1CEA6 /* FirebaseDatabaseSwift */ = {
			isa = XCSwiftPackageProductDependency;
			package = 887547832977F4C000B1CEA6 /* XCRemoteSwiftPackageReference "firebase-ios-sdk" */;
			productName = FirebaseDatabaseSwift;
		};
		8875478E2977F4C000B1CEA6 /* FirebaseFirestore */ = {
			isa = XCSwiftPackageProductDependency;
			package = 887547832977F4C000B1CEA6 /* XCRemoteSwiftPackageReference "firebase-ios-sdk" */;
			productName = FirebaseFirestore;
		};
		887547902977F4C000B1CEA6 /* FirebaseFirestoreSwift */ = {
			isa = XCSwiftPackageProductDependency;
			package = 887547832977F4C000B1CEA6 /* XCRemoteSwiftPackageReference "firebase-ios-sdk" */;
			productName = FirebaseFirestoreSwift;
		};
		887547922977F4C000B1CEA6 /* FirebaseStorage */ = {
			isa = XCSwiftPackageProductDependency;
			package = 887547832977F4C000B1CEA6 /* XCRemoteSwiftPackageReference "firebase-ios-sdk" */;
			productName = FirebaseStorage;
		};
/* End XCSwiftPackageProductDependency section */
	};
	rootObject = 88000D242969555F00CA35EB /* Project object */;
}
