// !$*UTF8*$!
{
	archiveVersion = 1;
	classes = {
	};
	objectVersion = 56;
	objects = {

/* Begin PBXBuildFile section */
		88000D302969555F00CA35EB /* AppDelegate.swift in Sources */ = {isa = PBXBuildFile; fileRef = 88000D2F2969555F00CA35EB /* AppDelegate.swift */; };
		88000D342969555F00CA35EB /* AuthViewController.swift in Sources */ = {isa = PBXBuildFile; fileRef = 88000D332969555F00CA35EB /* AuthViewController.swift */; };
		88000D392969556000CA35EB /* Assets.xcassets in Resources */ = {isa = PBXBuildFile; fileRef = 88000D382969556000CA35EB /* Assets.xcassets */; };
		88000D3C2969556000CA35EB /* LaunchScreen.storyboard in Resources */ = {isa = PBXBuildFile; fileRef = 88000D3A2969556000CA35EB /* LaunchScreen.storyboard */; };
		8830385E2974030B00FFC6A5 /* SnapKit in Frameworks */ = {isa = PBXBuildFile; productRef = 8830385D2974030B00FFC6A5 /* SnapKit */; };
		88FF06BB29740529005608A2 /* AuthViewModel.swift in Sources */ = {isa = PBXBuildFile; fileRef = 88FF06BA29740529005608A2 /* AuthViewModel.swift */; };
		88FF06BF2974057C005608A2 /* Bindable.swift in Sources */ = {isa = PBXBuildFile; fileRef = 88FF06BE2974057C005608A2 /* Bindable.swift */; };
		88FF06C3297405E7005608A2 /* AuthType.swift in Sources */ = {isa = PBXBuildFile; fileRef = 88FF06C2297405E7005608A2 /* AuthType.swift */; };
		88FF06C529740AC1005608A2 /* AuthViewConstants.swift in Sources */ = {isa = PBXBuildFile; fileRef = 88FF06C429740AC1005608A2 /* AuthViewConstants.swift */; };
		88FF06C829740B6E005608A2 /* ModuleTitles.swift in Sources */ = {isa = PBXBuildFile; fileRef = 88FF06C729740B6E005608A2 /* ModuleTitles.swift */; };
		88FF06CB29740EFD005608A2 /* ModuleBuilder.swift in Sources */ = {isa = PBXBuildFile; fileRef = 88FF06CA29740EFD005608A2 /* ModuleBuilder.swift */; };
/* End PBXBuildFile section */

/* Begin PBXFileReference section */
		88000D2C2969555F00CA35EB /* quiz-app-mvvm.app */ = {isa = PBXFileReference; explicitFileType = wrapper.application; includeInIndex = 0; path = "quiz-app-mvvm.app"; sourceTree = BUILT_PRODUCTS_DIR; };
		88000D2F2969555F00CA35EB /* AppDelegate.swift */ = {isa = PBXFileReference; lastKnownFileType = sourcecode.swift; path = AppDelegate.swift; sourceTree = "<group>"; };
		88000D332969555F00CA35EB /* AuthViewController.swift */ = {isa = PBXFileReference; lastKnownFileType = sourcecode.swift; path = AuthViewController.swift; sourceTree = "<group>"; };
		88000D382969556000CA35EB /* Assets.xcassets */ = {isa = PBXFileReference; lastKnownFileType = folder.assetcatalog; path = Assets.xcassets; sourceTree = "<group>"; };
		88000D3B2969556000CA35EB /* Base */ = {isa = PBXFileReference; lastKnownFileType = file.storyboard; name = Base; path = Base.lproj/LaunchScreen.storyboard; sourceTree = "<group>"; };
		88000D3D2969556000CA35EB /* Info.plist */ = {isa = PBXFileReference; lastKnownFileType = text.plist.xml; path = Info.plist; sourceTree = "<group>"; };
		88FF06BA29740529005608A2 /* AuthViewModel.swift */ = {isa = PBXFileReference; lastKnownFileType = sourcecode.swift; path = AuthViewModel.swift; sourceTree = "<group>"; };
		88FF06BE2974057C005608A2 /* Bindable.swift */ = {isa = PBXFileReference; lastKnownFileType = sourcecode.swift; path = Bindable.swift; sourceTree = "<group>"; };
		88FF06C2297405E7005608A2 /* AuthType.swift */ = {isa = PBXFileReference; lastKnownFileType = sourcecode.swift; path = AuthType.swift; sourceTree = "<group>"; };
		88FF06C429740AC1005608A2 /* AuthViewConstants.swift */ = {isa = PBXFileReference; lastKnownFileType = sourcecode.swift; path = AuthViewConstants.swift; sourceTree = "<group>"; };
		88FF06C729740B6E005608A2 /* ModuleTitles.swift */ = {isa = PBXFileReference; lastKnownFileType = sourcecode.swift; path = ModuleTitles.swift; sourceTree = "<group>"; };
		88FF06CA29740EFD005608A2 /* ModuleBuilder.swift */ = {isa = PBXFileReference; lastKnownFileType = sourcecode.swift; path = ModuleBuilder.swift; sourceTree = "<group>"; };
/* End PBXFileReference section */

/* Begin PBXFrameworksBuildPhase section */
		88000D292969555F00CA35EB /* Frameworks */ = {
			isa = PBXFrameworksBuildPhase;
			buildActionMask = 2147483647;
			files = (
				8830385E2974030B00FFC6A5 /* SnapKit in Frameworks */,
			);
			runOnlyForDeploymentPostprocessing = 0;
		};
/* End PBXFrameworksBuildPhase section */

/* Begin PBXGroup section */
		88000D232969555F00CA35EB = {
			isa = PBXGroup;
			children = (
				88000D2E2969555F00CA35EB /* quiz-app-mvvm */,
				88000D2D2969555F00CA35EB /* Products */,
			);
			sourceTree = "<group>";
		};
		88000D2D2969555F00CA35EB /* Products */ = {
			isa = PBXGroup;
			children = (
				88000D2C2969555F00CA35EB /* quiz-app-mvvm.app */,
			);
			name = Products;
			sourceTree = "<group>";
		};
		88000D2E2969555F00CA35EB /* quiz-app-mvvm */ = {
			isa = PBXGroup;
			children = (
				88FF06C929740ECF005608A2 /* ModuleBuilder */,
				88FF06BC29740559005608A2 /* Utilities */,
				88000D43296970B000CA35EB /* App */,
				88000D44296970CB00CA35EB /* Controllers */,
				88000D452969717500CA35EB /* Resources */,
			);
			path = "quiz-app-mvvm";
			sourceTree = "<group>";
		};
		88000D43296970B000CA35EB /* App */ = {
			isa = PBXGroup;
			children = (
				88000D2F2969555F00CA35EB /* AppDelegate.swift */,
			);
			path = App;
			sourceTree = "<group>";
		};
		88000D44296970CB00CA35EB /* Controllers */ = {
			isa = PBXGroup;
			children = (
				88FF06B6297404A7005608A2 /* AuthViewController */,
			);
			path = Controllers;
			sourceTree = "<group>";
		};
		88000D452969717500CA35EB /* Resources */ = {
			isa = PBXGroup;
			children = (
				88000D382969556000CA35EB /* Assets.xcassets */,
				88000D3A2969556000CA35EB /* LaunchScreen.storyboard */,
				88000D3D2969556000CA35EB /* Info.plist */,
			);
			path = Resources;
			sourceTree = "<group>";
		};
		88FF06B6297404A7005608A2 /* AuthViewController */ = {
			isa = PBXGroup;
			children = (
				88FF06B7297404BE005608A2 /* View */,
				88FF06B8297404CA005608A2 /* ViewModel */,
				88FF06B9297404EC005608A2 /* Constants */,
			);
			path = AuthViewController;
			sourceTree = "<group>";
		};
		88FF06B7297404BE005608A2 /* View */ = {
			isa = PBXGroup;
			children = (
				88000D332969555F00CA35EB /* AuthViewController.swift */,
			);
			path = View;
			sourceTree = "<group>";
		};
		88FF06B8297404CA005608A2 /* ViewModel */ = {
			isa = PBXGroup;
			children = (
				88FF06BA29740529005608A2 /* AuthViewModel.swift */,
			);
			path = ViewModel;
			sourceTree = "<group>";
		};
		88FF06B9297404EC005608A2 /* Constants */ = {
			isa = PBXGroup;
			children = (
				88FF06C429740AC1005608A2 /* AuthViewConstants.swift */,
			);
			path = Constants;
			sourceTree = "<group>";
		};
		88FF06BC29740559005608A2 /* Utilities */ = {
			isa = PBXGroup;
			children = (
				88FF06C629740B2A005608A2 /* ModuleTitles */,
				88FF06C0297405CD005608A2 /* DataModels */,
				88FF06BD29740567005608A2 /* Bindable */,
			);
			path = Utilities;
			sourceTree = "<group>";
		};
		88FF06BD29740567005608A2 /* Bindable */ = {
			isa = PBXGroup;
			children = (
				88FF06BE2974057C005608A2 /* Bindable.swift */,
			);
			path = Bindable;
			sourceTree = "<group>";
		};
		88FF06C0297405CD005608A2 /* DataModels */ = {
			isa = PBXGroup;
			children = (
				88FF06C1297405DB005608A2 /* AuthType */,
			);
			path = DataModels;
			sourceTree = "<group>";
		};
		88FF06C1297405DB005608A2 /* AuthType */ = {
			isa = PBXGroup;
			children = (
				88FF06C2297405E7005608A2 /* AuthType.swift */,
			);
			path = AuthType;
			sourceTree = "<group>";
		};
		88FF06C629740B2A005608A2 /* ModuleTitles */ = {
			isa = PBXGroup;
			children = (
				88FF06C729740B6E005608A2 /* ModuleTitles.swift */,
			);
			path = ModuleTitles;
			sourceTree = "<group>";
		};
		88FF06C929740ECF005608A2 /* ModuleBuilder */ = {
			isa = PBXGroup;
			children = (
				88FF06CA29740EFD005608A2 /* ModuleBuilder.swift */,
			);
			path = ModuleBuilder;
			sourceTree = "<group>";
		};
/* End PBXGroup section */

/* Begin PBXNativeTarget section */
		88000D2B2969555F00CA35EB /* quiz-app-mvvm */ = {
			isa = PBXNativeTarget;
			buildConfigurationList = 88000D402969556000CA35EB /* Build configuration list for PBXNativeTarget "quiz-app-mvvm" */;
			buildPhases = (
				88000D282969555F00CA35EB /* Sources */,
				88000D292969555F00CA35EB /* Frameworks */,
				88000D2A2969555F00CA35EB /* Resources */,
			);
			buildRules = (
			);
			dependencies = (
			);
			name = "quiz-app-mvvm";
			packageProductDependencies = (
				8830385D2974030B00FFC6A5 /* SnapKit */,
			);
			productName = "quiz-app-mvvm";
			productReference = 88000D2C2969555F00CA35EB /* quiz-app-mvvm.app */;
			productType = "com.apple.product-type.application";
		};
/* End PBXNativeTarget section */

/* Begin PBXProject section */
		88000D242969555F00CA35EB /* Project object */ = {
			isa = PBXProject;
			attributes = {
				BuildIndependentTargetsInParallel = 1;
				LastSwiftUpdateCheck = 1420;
				LastUpgradeCheck = 1420;
				TargetAttributes = {
					88000D2B2969555F00CA35EB = {
						CreatedOnToolsVersion = 14.2;
					};
				};
			};
			buildConfigurationList = 88000D272969555F00CA35EB /* Build configuration list for PBXProject "quiz-app-mvvm" */;
			compatibilityVersion = "Xcode 14.0";
			developmentRegion = en;
			hasScannedForEncodings = 0;
			knownRegions = (
				en,
				Base,
			);
			mainGroup = 88000D232969555F00CA35EB;
			packageReferences = (
				8830385C2974030B00FFC6A5 /* XCRemoteSwiftPackageReference "SnapKit" */,
			);
			productRefGroup = 88000D2D2969555F00CA35EB /* Products */;
			projectDirPath = "";
			projectRoot = "";
			targets = (
				88000D2B2969555F00CA35EB /* quiz-app-mvvm */,
			);
		};
/* End PBXProject section */

/* Begin PBXResourcesBuildPhase section */
		88000D2A2969555F00CA35EB /* Resources */ = {
			isa = PBXResourcesBuildPhase;
			buildActionMask = 2147483647;
			files = (
				88000D3C2969556000CA35EB /* LaunchScreen.storyboard in Resources */,
				88000D392969556000CA35EB /* Assets.xcassets in Resources */,
			);
			runOnlyForDeploymentPostprocessing = 0;
		};
/* End PBXResourcesBuildPhase section */

/* Begin PBXSourcesBuildPhase section */
		88000D282969555F00CA35EB /* Sources */ = {
			isa = PBXSourcesBuildPhase;
			buildActionMask = 2147483647;
			files = (
				88FF06C529740AC1005608A2 /* AuthViewConstants.swift in Sources */,
				88FF06C3297405E7005608A2 /* AuthType.swift in Sources */,
				88000D342969555F00CA35EB /* AuthViewController.swift in Sources */,
				88FF06CB29740EFD005608A2 /* ModuleBuilder.swift in Sources */,
				88FF06C829740B6E005608A2 /* ModuleTitles.swift in Sources */,
				88000D302969555F00CA35EB /* AppDelegate.swift in Sources */,
				88FF06BF2974057C005608A2 /* Bindable.swift in Sources */,
				88FF06BB29740529005608A2 /* AuthViewModel.swift in Sources */,
			);
			runOnlyForDeploymentPostprocessing = 0;
		};
/* End PBXSourcesBuildPhase section */

/* Begin PBXVariantGroup section */
		88000D3A2969556000CA35EB /* LaunchScreen.storyboard */ = {
			isa = PBXVariantGroup;
			children = (
				88000D3B2969556000CA35EB /* Base */,
			);
			name = LaunchScreen.storyboard;
			sourceTree = "<group>";
		};
/* End PBXVariantGroup section */

/* Begin XCBuildConfiguration section */
		88000D3E2969556000CA35EB /* Debug */ = {
			isa = XCBuildConfiguration;
			buildSettings = {
				ALWAYS_SEARCH_USER_PATHS = NO;
				CLANG_ANALYZER_NONNULL = YES;
				CLANG_ANALYZER_NUMBER_OBJECT_CONVERSION = YES_AGGRESSIVE;
				CLANG_CXX_LANGUAGE_STANDARD = "gnu++20";
				CLANG_ENABLE_MODULES = YES;
				CLANG_ENABLE_OBJC_ARC = YES;
				CLANG_ENABLE_OBJC_WEAK = YES;
				CLANG_WARN_BLOCK_CAPTURE_AUTORELEASING = YES;
				CLANG_WARN_BOOL_CONVERSION = YES;
				CLANG_WARN_COMMA = YES;
				CLANG_WARN_CONSTANT_CONVERSION = YES;
				CLANG_WARN_DEPRECATED_OBJC_IMPLEMENTATIONS = YES;
				CLANG_WARN_DIRECT_OBJC_ISA_USAGE = YES_ERROR;
				CLANG_WARN_DOCUMENTATION_COMMENTS = YES;
				CLANG_WARN_EMPTY_BODY = YES;
				CLANG_WARN_ENUM_CONVERSION = YES;
				CLANG_WARN_INFINITE_RECURSION = YES;
				CLANG_WARN_INT_CONVERSION = YES;
				CLANG_WARN_NON_LITERAL_NULL_CONVERSION = YES;
				CLANG_WARN_OBJC_IMPLICIT_RETAIN_SELF = YES;
				CLANG_WARN_OBJC_LITERAL_CONVERSION = YES;
				CLANG_WARN_OBJC_ROOT_CLASS = YES_ERROR;
				CLANG_WARN_QUOTED_INCLUDE_IN_FRAMEWORK_HEADER = YES;
				CLANG_WARN_RANGE_LOOP_ANALYSIS = YES;
				CLANG_WARN_STRICT_PROTOTYPES = YES;
				CLANG_WARN_SUSPICIOUS_MOVE = YES;
				CLANG_WARN_UNGUARDED_AVAILABILITY = YES_AGGRESSIVE;
				CLANG_WARN_UNREACHABLE_CODE = YES;
				CLANG_WARN__DUPLICATE_METHOD_MATCH = YES;
				COPY_PHASE_STRIP = NO;
				DEBUG_INFORMATION_FORMAT = dwarf;
				ENABLE_STRICT_OBJC_MSGSEND = YES;
				ENABLE_TESTABILITY = YES;
				GCC_C_LANGUAGE_STANDARD = gnu11;
				GCC_DYNAMIC_NO_PIC = NO;
				GCC_NO_COMMON_BLOCKS = YES;
				GCC_OPTIMIZATION_LEVEL = 0;
				GCC_PREPROCESSOR_DEFINITIONS = (
					"DEBUG=1",
					"$(inherited)",
				);
				GCC_WARN_64_TO_32_BIT_CONVERSION = YES;
				GCC_WARN_ABOUT_RETURN_TYPE = YES_ERROR;
				GCC_WARN_UNDECLARED_SELECTOR = YES;
				GCC_WARN_UNINITIALIZED_AUTOS = YES_AGGRESSIVE;
				GCC_WARN_UNUSED_FUNCTION = YES;
				GCC_WARN_UNUSED_VARIABLE = YES;
				IPHONEOS_DEPLOYMENT_TARGET = 16.2;
				MTL_ENABLE_DEBUG_INFO = INCLUDE_SOURCE;
				MTL_FAST_MATH = YES;
				ONLY_ACTIVE_ARCH = YES;
				SDKROOT = iphoneos;
				SWIFT_ACTIVE_COMPILATION_CONDITIONS = DEBUG;
				SWIFT_OPTIMIZATION_LEVEL = "-Onone";
			};
			name = Debug;
		};
		88000D3F2969556000CA35EB /* Release */ = {
			isa = XCBuildConfiguration;
			buildSettings = {
				ALWAYS_SEARCH_USER_PATHS = NO;
				CLANG_ANALYZER_NONNULL = YES;
				CLANG_ANALYZER_NUMBER_OBJECT_CONVERSION = YES_AGGRESSIVE;
				CLANG_CXX_LANGUAGE_STANDARD = "gnu++20";
				CLANG_ENABLE_MODULES = YES;
				CLANG_ENABLE_OBJC_ARC = YES;
				CLANG_ENABLE_OBJC_WEAK = YES;
				CLANG_WARN_BLOCK_CAPTURE_AUTORELEASING = YES;
				CLANG_WARN_BOOL_CONVERSION = YES;
				CLANG_WARN_COMMA = YES;
				CLANG_WARN_CONSTANT_CONVERSION = YES;
				CLANG_WARN_DEPRECATED_OBJC_IMPLEMENTATIONS = YES;
				CLANG_WARN_DIRECT_OBJC_ISA_USAGE = YES_ERROR;
				CLANG_WARN_DOCUMENTATION_COMMENTS = YES;
				CLANG_WARN_EMPTY_BODY = YES;
				CLANG_WARN_ENUM_CONVERSION = YES;
				CLANG_WARN_INFINITE_RECURSION = YES;
				CLANG_WARN_INT_CONVERSION = YES;
				CLANG_WARN_NON_LITERAL_NULL_CONVERSION = YES;
				CLANG_WARN_OBJC_IMPLICIT_RETAIN_SELF = YES;
				CLANG_WARN_OBJC_LITERAL_CONVERSION = YES;
				CLANG_WARN_OBJC_ROOT_CLASS = YES_ERROR;
				CLANG_WARN_QUOTED_INCLUDE_IN_FRAMEWORK_HEADER = YES;
				CLANG_WARN_RANGE_LOOP_ANALYSIS = YES;
				CLANG_WARN_STRICT_PROTOTYPES = YES;
				CLANG_WARN_SUSPICIOUS_MOVE = YES;
				CLANG_WARN_UNGUARDED_AVAILABILITY = YES_AGGRESSIVE;
				CLANG_WARN_UNREACHABLE_CODE = YES;
				CLANG_WARN__DUPLICATE_METHOD_MATCH = YES;
				COPY_PHASE_STRIP = NO;
				DEBUG_INFORMATION_FORMAT = "dwarf-with-dsym";
				ENABLE_NS_ASSERTIONS = NO;
				ENABLE_STRICT_OBJC_MSGSEND = YES;
				GCC_C_LANGUAGE_STANDARD = gnu11;
				GCC_NO_COMMON_BLOCKS = YES;
				GCC_WARN_64_TO_32_BIT_CONVERSION = YES;
				GCC_WARN_ABOUT_RETURN_TYPE = YES_ERROR;
				GCC_WARN_UNDECLARED_SELECTOR = YES;
				GCC_WARN_UNINITIALIZED_AUTOS = YES_AGGRESSIVE;
				GCC_WARN_UNUSED_FUNCTION = YES;
				GCC_WARN_UNUSED_VARIABLE = YES;
				IPHONEOS_DEPLOYMENT_TARGET = 16.2;
				MTL_ENABLE_DEBUG_INFO = NO;
				MTL_FAST_MATH = YES;
				SDKROOT = iphoneos;
				SWIFT_COMPILATION_MODE = wholemodule;
				SWIFT_OPTIMIZATION_LEVEL = "-O";
				VALIDATE_PRODUCT = YES;
			};
			name = Release;
		};
		88000D412969556000CA35EB /* Debug */ = {
			isa = XCBuildConfiguration;
			buildSettings = {
				ASSETCATALOG_COMPILER_APPICON_NAME = AppIcon;
				ASSETCATALOG_COMPILER_GLOBAL_ACCENT_COLOR_NAME = AccentColor;
				CODE_SIGN_STYLE = Automatic;
				CURRENT_PROJECT_VERSION = 1;
				DEVELOPMENT_TEAM = VDUQ8YSRC8;
				GENERATE_INFOPLIST_FILE = YES;
				INFOPLIST_FILE = "quiz-app-mvvm/Resources/Info.plist";
				INFOPLIST_KEY_UIApplicationSupportsIndirectInputEvents = YES;
				INFOPLIST_KEY_UILaunchStoryboardName = LaunchScreen;
				INFOPLIST_KEY_UISupportedInterfaceOrientations_iPad = "UIInterfaceOrientationPortrait UIInterfaceOrientationPortraitUpsideDown UIInterfaceOrientationLandscapeLeft UIInterfaceOrientationLandscapeRight";
				INFOPLIST_KEY_UISupportedInterfaceOrientations_iPhone = "UIInterfaceOrientationPortrait UIInterfaceOrientationLandscapeLeft UIInterfaceOrientationLandscapeRight";
				LD_RUNPATH_SEARCH_PATHS = (
					"$(inherited)",
					"@executable_path/Frameworks",
				);
				MARKETING_VERSION = 1.0;
				PRODUCT_BUNDLE_IDENTIFIER = "nekitback.quiz-app-mvvm";
				PRODUCT_NAME = "$(TARGET_NAME)";
				SWIFT_EMIT_LOC_STRINGS = YES;
				SWIFT_VERSION = 5.0;
				TARGETED_DEVICE_FAMILY = "1,2";
			};
			name = Debug;
		};
		88000D422969556000CA35EB /* Release */ = {
			isa = XCBuildConfiguration;
			buildSettings = {
				ASSETCATALOG_COMPILER_APPICON_NAME = AppIcon;
				ASSETCATALOG_COMPILER_GLOBAL_ACCENT_COLOR_NAME = AccentColor;
				CODE_SIGN_STYLE = Automatic;
				CURRENT_PROJECT_VERSION = 1;
				DEVELOPMENT_TEAM = VDUQ8YSRC8;
				GENERATE_INFOPLIST_FILE = YES;
				INFOPLIST_FILE = "quiz-app-mvvm/Resources/Info.plist";
				INFOPLIST_KEY_UIApplicationSupportsIndirectInputEvents = YES;
				INFOPLIST_KEY_UILaunchStoryboardName = LaunchScreen;
				INFOPLIST_KEY_UISupportedInterfaceOrientations_iPad = "UIInterfaceOrientationPortrait UIInterfaceOrientationPortraitUpsideDown UIInterfaceOrientationLandscapeLeft UIInterfaceOrientationLandscapeRight";
				INFOPLIST_KEY_UISupportedInterfaceOrientations_iPhone = "UIInterfaceOrientationPortrait UIInterfaceOrientationLandscapeLeft UIInterfaceOrientationLandscapeRight";
				LD_RUNPATH_SEARCH_PATHS = (
					"$(inherited)",
					"@executable_path/Frameworks",
				);
				MARKETING_VERSION = 1.0;
				PRODUCT_BUNDLE_IDENTIFIER = "nekitback.quiz-app-mvvm";
				PRODUCT_NAME = "$(TARGET_NAME)";
				SWIFT_EMIT_LOC_STRINGS = YES;
				SWIFT_VERSION = 5.0;
				TARGETED_DEVICE_FAMILY = "1,2";
			};
			name = Release;
		};
/* End XCBuildConfiguration section */

/* Begin XCConfigurationList section */
		88000D272969555F00CA35EB /* Build configuration list for PBXProject "quiz-app-mvvm" */ = {
			isa = XCConfigurationList;
			buildConfigurations = (
				88000D3E2969556000CA35EB /* Debug */,
				88000D3F2969556000CA35EB /* Release */,
			);
			defaultConfigurationIsVisible = 0;
			defaultConfigurationName = Release;
		};
		88000D402969556000CA35EB /* Build configuration list for PBXNativeTarget "quiz-app-mvvm" */ = {
			isa = XCConfigurationList;
			buildConfigurations = (
				88000D412969556000CA35EB /* Debug */,
				88000D422969556000CA35EB /* Release */,
			);
			defaultConfigurationIsVisible = 0;
			defaultConfigurationName = Release;
		};
/* End XCConfigurationList section */

/* Begin XCRemoteSwiftPackageReference section */
		8830385C2974030B00FFC6A5 /* XCRemoteSwiftPackageReference "SnapKit" */ = {
			isa = XCRemoteSwiftPackageReference;
			repositoryURL = "https://github.com/SnapKit/SnapKit.git";
			requirement = {
				kind = upToNextMajorVersion;
				minimumVersion = 5.0.0;
			};
		};
/* End XCRemoteSwiftPackageReference section */

/* Begin XCSwiftPackageProductDependency section */
		8830385D2974030B00FFC6A5 /* SnapKit */ = {
			isa = XCSwiftPackageProductDependency;
			package = 8830385C2974030B00FFC6A5 /* XCRemoteSwiftPackageReference "SnapKit" */;
			productName = SnapKit;
		};
/* End XCSwiftPackageProductDependency section */
	};
	rootObject = 88000D242969555F00CA35EB /* Project object */;
}
